
Microsoft Visual Studio Solution File, Format Version 12.00
# Visual Studio Version 17
VisualStudioVersion = 17.9.34622.214
MinimumVisualStudioVersion = 10.0.40219.1
Project("{8BC9CEB8-8B4A-11D0-8D11-00A0C91BC942}") = "Intento de Juego", "Intento de Juego\Intento de Juego.vcxproj", "{FA152B70-3D4B-4B6C-8FC4-337676395BB5}"
EndProject
Global
	GlobalSection(SolutionConfigurationPlatforms) = preSolution
		Debug|x64 = Debug|x64
		Debug|x86 = Debug|x86
		Release|x64 = Release|x64
		Release|x86 = Release|x86
	EndGlobalSection
	GlobalSection(ProjectConfigurationPlatforms) = postSolution
		{FA152B70-3D4B-4B6C-8FC4-337676395BB5}.Debug|x64.ActiveCfg = Debug|x64
		{FA152B70-3D4B-4B6C-8FC4-337676395BB5}.Debug|x64.Build.0 = Debug|x64
		{FA152B70-3D4B-4B6C-8FC4-337676395BB5}.Debug|x86.ActiveCfg = Debug|Win32
		{FA152B70-3D4B-4B6C-8FC4-337676395BB5}.Debug|x86.Build.0 = Debug|Win32
		{FA152B70-3D4B-4B6C-8FC4-337676395BB5}.Release|x64.ActiveCfg = Release|x64
		{FA152B70-3D4B-4B6C-8FC4-337676395BB5}.Release|x64.Build.0 = Release|x64
		{FA152B70-3D4B-4B6C-8FC4-337676395BB5}.Release|x86.ActiveCfg = Release|Win32
		{FA152B70-3D4B-4B6C-8FC4-337676395BB5}.Release|x86.Build.0 = Release|Win32
	EndGlobalSection
	GlobalSection(SolutionProperties) = preSolution
		HideSolutionNode = FALSE
	EndGlobalSection
	GlobalSection(ExtensibilityGlobals) = postSolution
		SolutionGuid = {7A10DCEB-0082-4E11-9024-7AA9A5C69CB8}
	EndGlobalSection
EndGlobal
